
Microsoft Visual Studio Solution File, Format Version 12.00
# Visual Studio 15
VisualStudioVersion = 15.0.28307.1062
MinimumVisualStudioVersion = 10.0.40219.1
Project("{FAE04EC0-301F-11D3-BF4B-00C04F79EFBC}") = "ASP.NET_RDLC_Demo", "ASP.NET_RDLC_Demo\ASP.NET_RDLC_Demo.csproj", "{317406C3-3856-44A9-BDB7-1A93D2330AD7}"
EndProject
Global
	GlobalSection(SolutionConfigurationPlatforms) = preSolution
		Debug|Any CPU = Debug|Any CPU
		Release|Any CPU = Release|Any CPU
	EndGlobalSection
	GlobalSection(ProjectConfigurationPlatforms) = postSolution
		{317406C3-3856-44A9-BDB7-1A93D2330AD7}.Debug|Any CPU.ActiveCfg = Debug|Any CPU
		{317406C3-3856-44A9-BDB7-1A93D2330AD7}.Debug|Any CPU.Build.0 = Debug|Any CPU
		{317406C3-3856-44A9-BDB7-1A93D2330AD7}.Release|Any CPU.ActiveCfg = Release|Any CPU
		{317406C3-3856-44A9-BDB7-1A93D2330AD7}.Release|Any CPU.Build.0 = Release|Any CPU
	EndGlobalSection
	GlobalSection(SolutionProperties) = preSolution
		HideSolutionNode = FALSE
	EndGlobalSection
	GlobalSection(ExtensibilityGlobals) = postSolution
		SolutionGuid = {AC503C42-2A9F-4363-902B-9F61ACE83EF1}
	EndGlobalSection
EndGlobal
